
Microsoft Visual Studio Solution File, Format Version 11.00
# Visual Studio 2010
Project("{FAE04EC0-301F-11D3-BF4B-00C04F79EFBC}") = "Assembly-CSharp", "Assembly-CSharp.csproj", "{C3F51501-9298-51AD-111D-6B8E68BCF924}"
EndProject
Project("{FAE04EC0-301F-11D3-BF4B-00C04F79EFBC}") = "Assembly-CSharp-Editor-firstpass", "Assembly-CSharp-Editor-firstpass.csproj", "{86E4AF00-8C3F-963F-E909-2FD6468B0C6D}"
EndProject
Project("{FAE04EC0-301F-11D3-BF4B-00C04F79EFBC}") = "Assembly-CSharp-Editor", "Assembly-CSharp-Editor.csproj", "{966AE4E5-9B2A-BA25-E3CD-49CF80213EA8}"
EndProject
Global
	GlobalSection(SolutionConfigurationPlatforms) = preSolution
		Debug|Any CPU = Debug|Any CPU
		Release|Any CPU = Release|Any CPU
	EndGlobalSection
	GlobalSection(ProjectConfigurationPlatforms) = postSolution
		{C3F51501-9298-51AD-111D-6B8E68BCF924}.Debug|Any CPU.ActiveCfg = Debug|Any CPU
		{C3F51501-9298-51AD-111D-6B8E68BCF924}.Debug|Any CPU.Build.0 = Debug|Any CPU
		{C3F51501-9298-51AD-111D-6B8E68BCF924}.Release|Any CPU.ActiveCfg = Release|Any CPU
		{C3F51501-9298-51AD-111D-6B8E68BCF924}.Release|Any CPU.Build.0 = Release|Any CPU
		{86E4AF00-8C3F-963F-E909-2FD6468B0C6D}.Debug|Any CPU.ActiveCfg = Debug|Any CPU
		{86E4AF00-8C3F-963F-E909-2FD6468B0C6D}.Debug|Any CPU.Build.0 = Debug|Any CPU
		{86E4AF00-8C3F-963F-E909-2FD6468B0C6D}.Release|Any CPU.ActiveCfg = Release|Any CPU
		{86E4AF00-8C3F-963F-E909-2FD6468B0C6D}.Release|Any CPU.Build.0 = Release|Any CPU
		{966AE4E5-9B2A-BA25-E3CD-49CF80213EA8}.Debug|Any CPU.ActiveCfg = Debug|Any CPU
		{966AE4E5-9B2A-BA25-E3CD-49CF80213EA8}.Debug|Any CPU.Build.0 = Debug|Any CPU
		{966AE4E5-9B2A-BA25-E3CD-49CF80213EA8}.Release|Any CPU.ActiveCfg = Release|Any CPU
		{966AE4E5-9B2A-BA25-E3CD-49CF80213EA8}.Release|Any CPU.Build.0 = Release|Any CPU
	EndGlobalSection
	GlobalSection(SolutionProperties) = preSolution
		HideSolutionNode = FALSE
	EndGlobalSection
EndGlobal
